
Microsoft Visual Studio Solution File, Format Version 12.00
# Visual Studio Version 17
VisualStudioVersion = 17.10.34928.147
MinimumVisualStudioVersion = 10.0.40219.1
Project("{FAE04EC0-301F-11D3-BF4B-00C04F79EFBC}") = "Task-4(Web App)", "Task-4(Web App).csproj", "{B033260F-B5C0-474B-B8E2-F3B05EACB5A8}"
EndProject
Global
	GlobalSection(SolutionConfigurationPlatforms) = preSolution
		Debug|Any CPU = Debug|Any CPU
		Release|Any CPU = Release|Any CPU
	EndGlobalSection
	GlobalSection(ProjectConfigurationPlatforms) = postSolution
		{B033260F-B5C0-474B-B8E2-F3B05EACB5A8}.Debug|Any CPU.ActiveCfg = Debug|Any CPU
		{B033260F-B5C0-474B-B8E2-F3B05EACB5A8}.Debug|Any CPU.Build.0 = Debug|Any CPU
		{B033260F-B5C0-474B-B8E2-F3B05EACB5A8}.Release|Any CPU.ActiveCfg = Release|Any CPU
		{B033260F-B5C0-474B-B8E2-F3B05EACB5A8}.Release|Any CPU.Build.0 = Release|Any CPU
	EndGlobalSection
	GlobalSection(SolutionProperties) = preSolution
		HideSolutionNode = FALSE
	EndGlobalSection
	GlobalSection(ExtensibilityGlobals) = postSolution
		SolutionGuid = {ED7EAA69-ED65-4AA1-9F57-4030DE31A5EA}
	EndGlobalSection
EndGlobal
